cloud.google.com/go v0.12.1-0.20170831101736-2b74e2e25316 h1:6/vyIm7ZJ3DRiRL8VNNEFIh6PeoIOnmDQ3i26kjaZhI=
cloud.google.com/go v0.12.1-0.20170831101736-2b74e2e25316/go.mod h1:aQUYkXzVsufM+DwF1aE+0xfcU+56JwCaLick0ClmMTw=
github.com/certifi/gocertifi v0.0.0-20170727155124-3fd9e1adb12b h1:aKL6D1J3uESUIsImsFVtGA4/p9wlR4mNJ3lgRaxSXKs=
github.com/certifi/gocertifi v0.0.0-20170727155124-3fd9e1adb12b/go.mod h1:GJKEexRPVJrBSOjoqN5VNOIKJ5Q3RViH6eu3puDRwx4=
github.com/evalphobia/logrus_sentry v0.4.2 h1:TmdfDJy+y6+9ls0AxciNPjnW8yUye9ahnGnfxBO/xws=
github.com/evalphobia/logrus_sentry v0.4.2/go.mod h1:pKcp+vriitUqu9KiWj/VRFbRfFNUwz95/UkgG8a6MNc=
github.com/getsentry/raven-go v0.0.0-20170614100719-d175f85701df h1:97mzx5b435RGNOwVZbcfeFke2A70aq0+nUvNvo7HVnw=
github.com/getsentry/raven-go v0.0.0-20170614100719-d175f85701df/go.mod h1:KungGk8q33+aIAZUIVWZDr2OfAEBsO49PX4NzFV5kcQ=
github.com/golang/protobuf v0.0.0-20170902000452-17ce1425424a h1:pklYnGCcDc7eaFCzmrTM4fiNgWT5z49peC8hOVdDG88=
github.com/golang/protobuf v0.0.0-20170902000452-17ce1425424a/go.mod h1:6lQm79b+lXiMfvg/cZm0SGofjICqVBUtrP5yJMmIC1U=
github.com/pkg/errors v0.8.1-0.20170505043639-c605e284fe17 h1:+adyfd5YBtuLL2FbDEn0GitOinGeMH0levy3o62TMF0=
github.com/pkg/errors v0.8.1-0.20170505043639-c605e284fe17/go.mod h1:bwawxfHBFNV+L2hUp1rHADufV3IMtnDRdf1r5NINEl0=
github.com/sirupsen/logrus v1.0.4-0.20170822132746-89742aefa4b2 h1:a07zp0wovcAE2jH+wlD22JLqUH6Rdl8Aon+NiyPxE+0=
github.com/sirupsen/logrus v1.0.4-0.20170822132746-89742aefa4b2/go.mod h1:pMByvHTf9Beacp5x1UXfOR9xyW/9antXMhjMPG0dEzc=
github.com/transcovo/go-chpr-logger v0.0.0-20170621142821-02914b15a555 h1:I6lTJAPEZs32Cy0VWikPpsXRh51bnZwDXHVdvz+1xZ8=
github.com/transcovo/go-chpr-logger v0.0.0-20170621142821-02914b15a555/go.mod h1:0xs6/Y1L5BEFVZSgXaLbNLKn1Qm9LqmV0VAJDN9OqIQ=
golang.org/x/crypto v0.0.0-20170825220121-81e90905daef h1:R8ubLIilYRXIXpgjOg2l/ECVs3HzVKIjJEhxSsQ91u4=
golang.org/x/crypto v0.0.0-20170825220121-81e90905daef/go.mod h1:6SG95UA2DQfeDnfUPMdvaQW0Q7yPrPDi9nlGo2tz2b4=
golang.org/x/net v0.0.0-20170828231752-66aacef3dd8a h1:DZGc/od29xzgmdBTGZL3zqLaoHS0O+qdIEYJNkOxDKM=
golang.org/x/net v0.0.0-20170828231752-66aacef3dd8a/go.mod h1:mL1N/T3taQHkDXs73rZJwtUhF3w3ftmwwsq0BUmARs4=
golang.org/x/oauth2 v0.0.0-20170901193052-d89af98d7c6b h1:smg/JJTqRGyQn68RwDuYFpZ7CMDVjLAmSCfQavNqsUg=
golang.org/x/oauth2 v0.0.0-20170901193052-d89af98d7c6b/go.mod h1:N/0e6XlmueqKjAGxoOufVs8QHGRruUQn6yWY3a++T0U=
golang.org/x/sys v0.0.0-20170901181214-7ddbeae9ae08 h1:zbq2OrbM9Ho7ysO4U4W7fOFUNYfeTv/dmAAbMiG9qRs=
golang.org/x/sys v0.0.0-20170901181214-7ddbeae9ae08/go.mod h1:STP8DvDyc/dI5b8T5hshtkjS+E42TnysNCUPdjciGhY=
google.golang.org/api v0.0.0-20170902000419-f5fa6a3eed63 h1:LbKQzvD59G/OiYTjf0pp/G/8jp/zfFtJTlRWwzdxWaE=
google.golang.org/api v0.0.0-20170902000419-f5fa6a3eed63/go.mod h1:4mhQ8q/RsB7i+udVvVy5NUi08OU8ZlA0gRVgrF7VFY0=
google.golang.org/appengine v1.0.1-0.20170814190942-d9a072cfa7b9 h1:ke4fRzrD0VQOplLj5VH84n9x5IKKktCEvOyjNHOLo+Q=
google.golang.org/appengine v1.0.1-0.20170814190942-d9a072cfa7b9/go.mod h1:EbEs0AVv82hx2wNQdGPgUI5lhzA/G0D9YwlJXL52JkM=
gopkg.in/yaml.v2 v2.0.0-20170812160011-eb3733d160e7 h1:+t9dhfO+GNOIGJof6kPOAenx7YgrZMTdRPV+EsnPabk=
gopkg.in/yaml.v2 v2.0.0-20170812160011-eb3733d160e7/go.mod h1:JAlM8MvJe8wmxCU4Bli9HhUf9+ttbYbLASfIpnQbh74=
